{
  "name": "neural-numbers",
  "version": "0.0.1",
  "lockfileVersion": 1,
  "requires": true,
  "dependencies": {
    "acorn": {
      "version": "5.5.3",
      "resolved": "https://registry.npmjs.org/acorn/-/acorn-5.5.3.tgz",
      "integrity": "sha512-jd5MkIUlbbmb07nXH0DT3y7rDVtkzDi4XZOUVWAer8ajmF/DTSSbl5oNFyDOl/OXA33Bl79+ypHhl2pN20VeOQ=="
    },
    "brain.js": {
      "version": "1.1.2",
      "resolved": "https://registry.npmjs.org/brain.js/-/brain.js-1.1.2.tgz",
      "integrity": "sha1-Jhxny2/GKRiVTjCDaFCGj4nHd3M=",
      "requires": {
        "gpu.js": "1.2.0",
        "thaw.js": "2.0.0"
      }
    },
    "emitter-component": {
      "version": "1.1.1",
      "resolved": "https://registry.npmjs.org/emitter-component/-/emitter-component-1.1.1.tgz",
      "integrity": "sha1-Bl4tvtaVm/RwZ57avq95gdEAOrY="
    },
    "gpu.js": {
      "version": "1.2.0",
      "resolved": "https://registry.npmjs.org/gpu.js/-/gpu.js-1.2.0.tgz",
      "integrity": "sha1-OvMGI8YFShEZhyX7bdmuYlyp+ok=",
      "requires": {
        "acorn": "5.5.3"
      }
    },
    "htan": {
      "version": "0.0.3",
      "resolved": "https://registry.npmjs.org/htan/-/htan-0.0.3.tgz",
      "integrity": "sha1-jNDOd0VGWbNQYGSLwul3xwlusoA="
    },
    "htan-prime": {
      "version": "0.0.1",
      "resolved": "https://registry.npmjs.org/htan-prime/-/htan-prime-0.0.1.tgz",
      "integrity": "sha1-dEvqEBWtFxe0qAbqeEay1P28jv8="
    },
    "node-matrix": {
      "version": "0.1.1",
      "resolved": "https://registry.npmjs.org/node-matrix/-/node-matrix-0.1.1.tgz",
      "integrity": "sha1-O9w5NctQFiOhysvcmWqxNodp9u4="
    },
    "node-mind": {
      "version": "1.0.1",
      "resolved": "https://registry.npmjs.org/node-mind/-/node-mind-1.0.1.tgz",
      "integrity": "sha1-wtwUSDNPzEzpL3kOjV4KG52O7m0=",
      "requires": {
        "emitter-component": "1.1.1",
        "htan": "0.0.3",
        "htan-prime": "0.0.1",
        "node-matrix": "0.1.1",
        "samples": "0.0.2",
        "sigmoid": "0.0.1",
        "sigmoid-prime": "0.0.1"
      }
    },
    "samples": {
      "version": "0.0.2",
      "resolved": "https://registry.npmjs.org/samples/-/samples-0.0.2.tgz",
      "integrity": "sha1-6v8D3QJi5DDJ95DCBSyDsU9aMSk="
    },
    "sigmoid": {
      "version": "0.0.1",
      "resolved": "https://registry.npmjs.org/sigmoid/-/sigmoid-0.0.1.tgz",
      "integrity": "sha1-sV03JYdCKT9pcAgWKri5rEdJtKQ="
    },
    "sigmoid-prime": {
      "version": "0.0.1",
      "resolved": "https://registry.npmjs.org/sigmoid-prime/-/sigmoid-prime-0.0.1.tgz",
      "integrity": "sha1-/R2CToXKN1EbQj1I41iUePrnqgc="
    },
    "synaptic": {
      "version": "1.1.4",
      "resolved": "https://registry.npmjs.org/synaptic/-/synaptic-1.1.4.tgz",
      "integrity": "sha512-JFtU98VDFI0uBTowgySo+UUEkc7rSVHaxx9D6dR5BK6u81G7uAxcp32Gi2SHciLpFbvJVd1Pfz7aqSNQO4EH9Q=="
    },
    "thaw.js": {
      "version": "2.0.0",
      "resolved": "https://registry.npmjs.org/thaw.js/-/thaw.js-2.0.0.tgz",
      "integrity": "sha1-RSvF1+4s4bb5IDewW1BsvWVikdA="
    }
  }
}
